
Microsoft Visual Studio Solution File, Format Version 12.00
# Visual Studio 2013
VisualStudioVersion = 12.0.31101.0
MinimumVisualStudioVersion = 10.0.40219.1
Project("{FAE04EC0-301F-11D3-BF4B-00C04F79EFBC}") = "Lab 2", "Lab 2\Lab 2.csproj", "{D8CFC3DA-9CB4-4E60-911E-47F32003112C}"
EndProject
Project("{FAE04EC0-301F-11D3-BF4B-00C04F79EFBC}") = "TestForLab2", "TestForLab2\TestForLab2.csproj", "{2327D58C-F423-4425-A53B-42DBB4B7FEBA}"
EndProject
Global
	GlobalSection(SolutionConfigurationPlatforms) = preSolution
		Debug|Any CPU = Debug|Any CPU
		Release|Any CPU = Release|Any CPU
	EndGlobalSection
	GlobalSection(ProjectConfigurationPlatforms) = postSolution
		{D8CFC3DA-9CB4-4E60-911E-47F32003112C}.Debug|Any CPU.ActiveCfg = Debug|Any CPU
		{D8CFC3DA-9CB4-4E60-911E-47F32003112C}.Debug|Any CPU.Build.0 = Debug|Any CPU
		{D8CFC3DA-9CB4-4E60-911E-47F32003112C}.Release|Any CPU.ActiveCfg = Release|Any CPU
		{D8CFC3DA-9CB4-4E60-911E-47F32003112C}.Release|Any CPU.Build.0 = Release|Any CPU
		{2327D58C-F423-4425-A53B-42DBB4B7FEBA}.Debug|Any CPU.ActiveCfg = Debug|Any CPU
		{2327D58C-F423-4425-A53B-42DBB4B7FEBA}.Debug|Any CPU.Build.0 = Debug|Any CPU
		{2327D58C-F423-4425-A53B-42DBB4B7FEBA}.Release|Any CPU.ActiveCfg = Release|Any CPU
		{2327D58C-F423-4425-A53B-42DBB4B7FEBA}.Release|Any CPU.Build.0 = Release|Any CPU
	EndGlobalSection
	GlobalSection(SolutionProperties) = preSolution
		HideSolutionNode = FALSE
	EndGlobalSection
EndGlobal
